
Microsoft Visual Studio Solution File, Format Version 12.00
# Visual Studio 15
VisualStudioVersion = 15.0.28010.2019
MinimumVisualStudioVersion = 10.0.40219.1
Project("{FAE04EC0-301F-11D3-BF4B-00C04F79EFBC}") = "MovieRater", "MovieRater\MovieRater.csproj", "{96A1583B-56EB-446C-95B7-D785B1D76936}"
EndProject
Project("{FAE04EC0-301F-11D3-BF4B-00C04F79EFBC}") = "CompanyName.MovieRater.UnitTesting", "CompanyName.MovieRater.UnitTesting\CompanyName.MovieRater.UnitTesting.csproj", "{D31BDD73-1078-44F3-8BC8-C87A7AF48CBD}"
EndProject
Project("{FAE04EC0-301F-11D3-BF4B-00C04F79EFBC}") = "CompanyName.MovieRater", "CompanyName.MovieRater\CompanyName.MovieRater.csproj", "{710D8511-1167-48D1-99DF-AA77D2022D06}"
EndProject
Global
	GlobalSection(SolutionConfigurationPlatforms) = preSolution
		Debug|Any CPU = Debug|Any CPU
		Release|Any CPU = Release|Any CPU
	EndGlobalSection
	GlobalSection(ProjectConfigurationPlatforms) = postSolution
		{96A1583B-56EB-446C-95B7-D785B1D76936}.Debug|Any CPU.ActiveCfg = Debug|Any CPU
		{96A1583B-56EB-446C-95B7-D785B1D76936}.Debug|Any CPU.Build.0 = Debug|Any CPU
		{96A1583B-56EB-446C-95B7-D785B1D76936}.Release|Any CPU.ActiveCfg = Release|Any CPU
		{96A1583B-56EB-446C-95B7-D785B1D76936}.Release|Any CPU.Build.0 = Release|Any CPU
		{D31BDD73-1078-44F3-8BC8-C87A7AF48CBD}.Debug|Any CPU.ActiveCfg = Debug|Any CPU
		{D31BDD73-1078-44F3-8BC8-C87A7AF48CBD}.Debug|Any CPU.Build.0 = Debug|Any CPU
		{D31BDD73-1078-44F3-8BC8-C87A7AF48CBD}.Release|Any CPU.ActiveCfg = Release|Any CPU
		{D31BDD73-1078-44F3-8BC8-C87A7AF48CBD}.Release|Any CPU.Build.0 = Release|Any CPU
		{710D8511-1167-48D1-99DF-AA77D2022D06}.Debug|Any CPU.ActiveCfg = Debug|Any CPU
		{710D8511-1167-48D1-99DF-AA77D2022D06}.Debug|Any CPU.Build.0 = Debug|Any CPU
		{710D8511-1167-48D1-99DF-AA77D2022D06}.Release|Any CPU.ActiveCfg = Release|Any CPU
		{710D8511-1167-48D1-99DF-AA77D2022D06}.Release|Any CPU.Build.0 = Release|Any CPU
	EndGlobalSection
	GlobalSection(SolutionProperties) = preSolution
		HideSolutionNode = FALSE
	EndGlobalSection
	GlobalSection(ExtensibilityGlobals) = postSolution
		SolutionGuid = {65809545-64CC-48EB-BFD4-A8974B9018B8}
	EndGlobalSection
EndGlobal
